
Microsoft Visual Studio Solution File, Format Version 12.00
# Visual Studio Version 17
VisualStudioVersion = 17.8.34330.188
MinimumVisualStudioVersion = 10.0.40219.1
Project("{FAE04EC0-301F-11D3-BF4B-00C04F79EFBC}") = "BetterFollowCamera", "BetterFollowCamera\BetterFollowCamera.csproj", "{5E938A39-9A11-4FF1-9CCF-5D4F73DD8E5B}"
EndProject
Project("{FAE04EC0-301F-11D3-BF4B-00C04F79EFBC}") = "PotDSpawns", "PotDSpawns\PotDSpawns.csproj", "{D4FFE66B-6C59-44E3-830E-96770D702F1B}"
EndProject
Project("{FAE04EC0-301F-11D3-BF4B-00C04F79EFBC}") = "SaveManager", "SaveManager\SaveManager.csproj", "{847ABA21-18F9-4726-A604-E233CC8F7C9E}"
EndProject
Project("{FAE04EC0-301F-11D3-BF4B-00C04F79EFBC}") = "HighScaleByLevel", "HighScaleByLevel\HighScaleByLevel.csproj", "{C8B127E4-CB6A-4F57-A977-7481AD7A4A6B}"
EndProject
Project("{FAE04EC0-301F-11D3-BF4B-00C04F79EFBC}") = "ConsoleDoesNotDisableAchievements", "ConsoleDoesNotDisableAchievements\ConsoleDoesNotDisableAchievements.csproj", "{74D08402-A8C8-4C68-A159-8587966D7F3D}"
EndProject
Project("{FAE04EC0-301F-11D3-BF4B-00C04F79EFBC}") = "WaitByHoursOrDays", "WaitByHoursOrDays\WaitByHoursOrDays.csproj", "{69F9062C-EEA0-4A30-ABA4-6CF659486D2A}"
EndProject
Project("{FAE04EC0-301F-11D3-BF4B-00C04F79EFBC}") = "QuickLoadMostRecentSaveGame", "QuickLoadMostRecentSaveGame\QuickLoadMostRecentSaveGame.csproj", "{F8934BA8-EE92-4C5F-8FAE-3BEE7626CC1C}"
EndProject
Project("{FAE04EC0-301F-11D3-BF4B-00C04F79EFBC}") = "OverrideContainerLoot", "OverrideContainerLoot\OverrideContainerLoot.csproj", "{5974CDA1-7B64-47B0-B544-4EBD98D58149}"
EndProject
Project("{FAE04EC0-301F-11D3-BF4B-00C04F79EFBC}") = "DetectHiddenObjectsWithoutStealth", "DetectHiddenObjectsWithoutStealth\DetectHiddenObjectsWithoutStealth.csproj", "{AFDAD966-031C-41D5-B420-FB1CE00A696B}"
EndProject
Project("{FAE04EC0-301F-11D3-BF4B-00C04F79EFBC}") = "HouseRules", "HouseRules\HouseRules.csproj", "{997D265B-3F0A-453C-9106-E2CD404261EA}"
EndProject
Project("{FAE04EC0-301F-11D3-BF4B-00C04F79EFBC}") = "JournalHideCompletedQuests", "JournalHideCompletedQuests\JournalHideCompletedQuests.csproj", "{358B3320-D670-4CE0-9276-4B6014507C4E}"
EndProject
Global
	GlobalSection(SolutionConfigurationPlatforms) = preSolution
		Debug|Any CPU = Debug|Any CPU
		Publish|Any CPU = Publish|Any CPU
		Release|Any CPU = Release|Any CPU
	EndGlobalSection
	GlobalSection(ProjectConfigurationPlatforms) = postSolution
		{5E938A39-9A11-4FF1-9CCF-5D4F73DD8E5B}.Debug|Any CPU.ActiveCfg = Debug|Any CPU
		{5E938A39-9A11-4FF1-9CCF-5D4F73DD8E5B}.Debug|Any CPU.Build.0 = Debug|Any CPU
		{5E938A39-9A11-4FF1-9CCF-5D4F73DD8E5B}.Publish|Any CPU.ActiveCfg = Publish|Any CPU
		{5E938A39-9A11-4FF1-9CCF-5D4F73DD8E5B}.Publish|Any CPU.Build.0 = Publish|Any CPU
		{5E938A39-9A11-4FF1-9CCF-5D4F73DD8E5B}.Release|Any CPU.ActiveCfg = Release|Any CPU
		{5E938A39-9A11-4FF1-9CCF-5D4F73DD8E5B}.Release|Any CPU.Build.0 = Release|Any CPU
		{D4FFE66B-6C59-44E3-830E-96770D702F1B}.Debug|Any CPU.ActiveCfg = Debug|Any CPU
		{D4FFE66B-6C59-44E3-830E-96770D702F1B}.Debug|Any CPU.Build.0 = Debug|Any CPU
		{D4FFE66B-6C59-44E3-830E-96770D702F1B}.Publish|Any CPU.ActiveCfg = Publish|Any CPU
		{D4FFE66B-6C59-44E3-830E-96770D702F1B}.Publish|Any CPU.Build.0 = Publish|Any CPU
		{D4FFE66B-6C59-44E3-830E-96770D702F1B}.Release|Any CPU.ActiveCfg = Release|Any CPU
		{D4FFE66B-6C59-44E3-830E-96770D702F1B}.Release|Any CPU.Build.0 = Release|Any CPU
		{847ABA21-18F9-4726-A604-E233CC8F7C9E}.Debug|Any CPU.ActiveCfg = Debug|Any CPU
		{847ABA21-18F9-4726-A604-E233CC8F7C9E}.Debug|Any CPU.Build.0 = Debug|Any CPU
		{847ABA21-18F9-4726-A604-E233CC8F7C9E}.Publish|Any CPU.ActiveCfg = Publish|Any CPU
		{847ABA21-18F9-4726-A604-E233CC8F7C9E}.Publish|Any CPU.Build.0 = Publish|Any CPU
		{847ABA21-18F9-4726-A604-E233CC8F7C9E}.Release|Any CPU.ActiveCfg = Release|Any CPU
		{847ABA21-18F9-4726-A604-E233CC8F7C9E}.Release|Any CPU.Build.0 = Release|Any CPU
		{C8B127E4-CB6A-4F57-A977-7481AD7A4A6B}.Debug|Any CPU.ActiveCfg = Debug|Any CPU
		{C8B127E4-CB6A-4F57-A977-7481AD7A4A6B}.Debug|Any CPU.Build.0 = Debug|Any CPU
		{C8B127E4-CB6A-4F57-A977-7481AD7A4A6B}.Publish|Any CPU.ActiveCfg = Publish|Any CPU
		{C8B127E4-CB6A-4F57-A977-7481AD7A4A6B}.Publish|Any CPU.Build.0 = Publish|Any CPU
		{C8B127E4-CB6A-4F57-A977-7481AD7A4A6B}.Release|Any CPU.ActiveCfg = Release|Any CPU
		{C8B127E4-CB6A-4F57-A977-7481AD7A4A6B}.Release|Any CPU.Build.0 = Release|Any CPU
		{74D08402-A8C8-4C68-A159-8587966D7F3D}.Debug|Any CPU.ActiveCfg = Debug|Any CPU
		{74D08402-A8C8-4C68-A159-8587966D7F3D}.Debug|Any CPU.Build.0 = Debug|Any CPU
		{74D08402-A8C8-4C68-A159-8587966D7F3D}.Publish|Any CPU.ActiveCfg = Publish|Any CPU
		{74D08402-A8C8-4C68-A159-8587966D7F3D}.Publish|Any CPU.Build.0 = Publish|Any CPU
		{74D08402-A8C8-4C68-A159-8587966D7F3D}.Release|Any CPU.ActiveCfg = Release|Any CPU
		{74D08402-A8C8-4C68-A159-8587966D7F3D}.Release|Any CPU.Build.0 = Release|Any CPU
		{69F9062C-EEA0-4A30-ABA4-6CF659486D2A}.Debug|Any CPU.ActiveCfg = Debug|Any CPU
		{69F9062C-EEA0-4A30-ABA4-6CF659486D2A}.Debug|Any CPU.Build.0 = Debug|Any CPU
		{69F9062C-EEA0-4A30-ABA4-6CF659486D2A}.Publish|Any CPU.ActiveCfg = Publish|Any CPU
		{69F9062C-EEA0-4A30-ABA4-6CF659486D2A}.Publish|Any CPU.Build.0 = Publish|Any CPU
		{69F9062C-EEA0-4A30-ABA4-6CF659486D2A}.Release|Any CPU.ActiveCfg = Release|Any CPU
		{69F9062C-EEA0-4A30-ABA4-6CF659486D2A}.Release|Any CPU.Build.0 = Release|Any CPU
		{F8934BA8-EE92-4C5F-8FAE-3BEE7626CC1C}.Debug|Any CPU.ActiveCfg = Debug|Any CPU
		{F8934BA8-EE92-4C5F-8FAE-3BEE7626CC1C}.Debug|Any CPU.Build.0 = Debug|Any CPU
		{F8934BA8-EE92-4C5F-8FAE-3BEE7626CC1C}.Publish|Any CPU.ActiveCfg = Publish|Any CPU
		{F8934BA8-EE92-4C5F-8FAE-3BEE7626CC1C}.Publish|Any CPU.Build.0 = Publish|Any CPU
		{F8934BA8-EE92-4C5F-8FAE-3BEE7626CC1C}.Release|Any CPU.ActiveCfg = Release|Any CPU
		{F8934BA8-EE92-4C5F-8FAE-3BEE7626CC1C}.Release|Any CPU.Build.0 = Release|Any CPU
		{5974CDA1-7B64-47B0-B544-4EBD98D58149}.Debug|Any CPU.ActiveCfg = Debug|Any CPU
		{5974CDA1-7B64-47B0-B544-4EBD98D58149}.Debug|Any CPU.Build.0 = Debug|Any CPU
		{5974CDA1-7B64-47B0-B544-4EBD98D58149}.Publish|Any CPU.ActiveCfg = Publish|Any CPU
		{5974CDA1-7B64-47B0-B544-4EBD98D58149}.Publish|Any CPU.Build.0 = Publish|Any CPU
		{5974CDA1-7B64-47B0-B544-4EBD98D58149}.Release|Any CPU.ActiveCfg = Release|Any CPU
		{5974CDA1-7B64-47B0-B544-4EBD98D58149}.Release|Any CPU.Build.0 = Release|Any CPU
		{AFDAD966-031C-41D5-B420-FB1CE00A696B}.Debug|Any CPU.ActiveCfg = Debug|Any CPU
		{AFDAD966-031C-41D5-B420-FB1CE00A696B}.Debug|Any CPU.Build.0 = Debug|Any CPU
		{AFDAD966-031C-41D5-B420-FB1CE00A696B}.Publish|Any CPU.ActiveCfg = Publish|Any CPU
		{AFDAD966-031C-41D5-B420-FB1CE00A696B}.Publish|Any CPU.Build.0 = Publish|Any CPU
		{AFDAD966-031C-41D5-B420-FB1CE00A696B}.Release|Any CPU.ActiveCfg = Release|Any CPU
		{AFDAD966-031C-41D5-B420-FB1CE00A696B}.Release|Any CPU.Build.0 = Release|Any CPU
		{997D265B-3F0A-453C-9106-E2CD404261EA}.Debug|Any CPU.ActiveCfg = Debug|Any CPU
		{997D265B-3F0A-453C-9106-E2CD404261EA}.Debug|Any CPU.Build.0 = Debug|Any CPU
		{997D265B-3F0A-453C-9106-E2CD404261EA}.Publish|Any CPU.ActiveCfg = Publish|Any CPU
		{997D265B-3F0A-453C-9106-E2CD404261EA}.Publish|Any CPU.Build.0 = Publish|Any CPU
		{997D265B-3F0A-453C-9106-E2CD404261EA}.Release|Any CPU.ActiveCfg = Release|Any CPU
		{997D265B-3F0A-453C-9106-E2CD404261EA}.Release|Any CPU.Build.0 = Release|Any CPU
		{358B3320-D670-4CE0-9276-4B6014507C4E}.Debug|Any CPU.ActiveCfg = Debug|Any CPU
		{358B3320-D670-4CE0-9276-4B6014507C4E}.Debug|Any CPU.Build.0 = Debug|Any CPU
		{358B3320-D670-4CE0-9276-4B6014507C4E}.Publish|Any CPU.ActiveCfg = Publish|Any CPU
		{358B3320-D670-4CE0-9276-4B6014507C4E}.Publish|Any CPU.Build.0 = Publish|Any CPU
		{358B3320-D670-4CE0-9276-4B6014507C4E}.Release|Any CPU.ActiveCfg = Release|Any CPU
		{358B3320-D670-4CE0-9276-4B6014507C4E}.Release|Any CPU.Build.0 = Release|Any CPU
	EndGlobalSection
	GlobalSection(SolutionProperties) = preSolution
		HideSolutionNode = FALSE
	EndGlobalSection
	GlobalSection(ExtensibilityGlobals) = postSolution
		SolutionGuid = {B7516483-5B53-4B08-9532-21DE91F79B4E}
	EndGlobalSection
EndGlobal
