Microsoft Visual Studio Solution File, Format Version 12.00
# Visual Studio Version 17
VisualStudioVersion = 17.8.34330.188
MinimumVisualStudioVersion = 10.0.40219.1
Project("{E83FFCAC-2FEB-47D4-B905-847370B1F10B}") = "SaveManager", "SaveManager\SaveManager.csproj", "{847ABA21-18F9-4726-A604-E233CC8F7C9E}"
EndProject
Global
	GlobalSection(SolutionConfigurationPlatforms) = preSolution
		Debug|Any CPU = Debug|Any CPU
		Release|Any CPU = Release|Any CPU
	EndGlobalSection
	GlobalSection(ProjectConfigurationPlatforms) = postSolution
		{847ABA21-18F9-4726-A604-E233CC8F7C9E}.Debug|Any CPU.ActiveCfg = Publish|Any CPU
		{847ABA21-18F9-4726-A604-E233CC8F7C9E}.Debug|Any CPU.Build.0 = Publish|Any CPU
		{847ABA21-18F9-4726-A604-E233CC8F7C9E}.Release|Any CPU.ActiveCfg = Release|Any CPU
		{847ABA21-18F9-4726-A604-E233CC8F7C9E}.Release|Any CPU.Build.0 = Release|Any CPU
	EndGlobalSection
	GlobalSection(SolutionProperties) = preSolution
		HideSolutionNode = FALSE
	EndGlobalSection
EndGlobal
