Microsoft Visual Studio Solution File, Format Version 12.00
# Visual Studio Version 17
VisualStudioVersion = 17.8.34330.188
MinimumVisualStudioVersion = 10.0.40219.1
Project("{F4275470-B74D-4447-B1D3-5EAF894E0925}") = "BetterFollowCamera", "BetterFollowCamera\BetterFollowCamera.csproj", "{5E938A39-9A11-4FF1-9CCF-5D4F73DD8E5B}"
EndProject
Global
	GlobalSection(SolutionConfigurationPlatforms) = preSolution
		Debug|Any CPU = Debug|Any CPU
		Release|Any CPU = Release|Any CPU
	EndGlobalSection
	GlobalSection(ProjectConfigurationPlatforms) = postSolution
		{5E938A39-9A11-4FF1-9CCF-5D4F73DD8E5B}.Debug|Any CPU.ActiveCfg = Publish|Any CPU
		{5E938A39-9A11-4FF1-9CCF-5D4F73DD8E5B}.Debug|Any CPU.Build.0 = Publish|Any CPU
		{5E938A39-9A11-4FF1-9CCF-5D4F73DD8E5B}.Release|Any CPU.ActiveCfg = Release|Any CPU
		{5E938A39-9A11-4FF1-9CCF-5D4F73DD8E5B}.Release|Any CPU.Build.0 = Release|Any CPU
	EndGlobalSection
	GlobalSection(SolutionProperties) = preSolution
		HideSolutionNode = FALSE
	EndGlobalSection
EndGlobal
